// !$*UTF8*$!
{
	archiveVersion = 1;
	classes = {
	};
	objectVersion = 46;
	objects = {

/* Begin PBXBuildFile section */
		543042201C182572000FACCD /* main.m in Sources */ = {isa = PBXBuildFile; fileRef = 5430421F1C182572000FACCD /* main.m */; };
		543042231C182572000FACCD /* AppDelegate.m in Sources */ = {isa = PBXBuildFile; fileRef = 543042221C182572000FACCD /* AppDelegate.m */; };
		543042261C182572000FACCD /* ViewController.m in Sources */ = {isa = PBXBuildFile; fileRef = 543042251C182572000FACCD /* ViewController.m */; };
		543042291C182572000FACCD /* Main.storyboard in Resources */ = {isa = PBXBuildFile; fileRef = 543042271C182572000FACCD /* Main.storyboard */; };
		5430422B1C182572000FACCD /* Assets.xcassets in Resources */ = {isa = PBXBuildFile; fileRef = 5430422A1C182572000FACCD /* Assets.xcassets */; };
		5430422E1C182572000FACCD /* LaunchScreen.storyboard in Resources */ = {isa = PBXBuildFile; fileRef = 5430422C1C182572000FACCD /* LaunchScreen.storyboard */; };
		543042361C182627000FACCD /* Podfile in Resources */ = {isa = PBXBuildFile; fileRef = 543042351C182627000FACCD /* Podfile */; };
		5430423B1C1838DE000FACCD /* ReactView.m in Sources */ = {isa = PBXBuildFile; fileRef = 5430423A1C1838DE000FACCD /* ReactView.m */; };
		B2280A5B20C1ADC93960F022 /* libPods.a in Frameworks */ = {isa = PBXBuildFile; fileRef = 8A71D049D5BB5449CC8D4E53 /* libPods.a */; };
/* End PBXBuildFile section */

/* Begin PBXFileReference section */
		0934FA024338C2448AF56CA7 /* Pods.release.xcconfig */ = {isa = PBXFileReference; includeInIndex = 1; lastKnownFileType = text.xcconfig; name = Pods.release.xcconfig; path = "Pods/Target Support Files/Pods/Pods.release.xcconfig"; sourceTree = "<group>"; };
		1B0715B7D780EE4819C02A5E /* Pods.debug.xcconfig */ = {isa = PBXFileReference; includeInIndex = 1; lastKnownFileType = text.xcconfig; name = Pods.debug.xcconfig; path = "Pods/Target Support Files/Pods/Pods.debug.xcconfig"; sourceTree = "<group>"; };
		5430421B1C182572000FACCD /* TestApp.app */ = {isa = PBXFileReference; explicitFileType = wrapper.application; includeInIndex = 0; path = TestApp.app; sourceTree = BUILT_PRODUCTS_DIR; };
		5430421F1C182572000FACCD /* main.m */ = {isa = PBXFileReference; lastKnownFileType = sourcecode.c.objc; path = main.m; sourceTree = "<group>"; };
		543042211C182572000FACCD /* AppDelegate.h */ = {isa = PBXFileReference; lastKnownFileType = sourcecode.c.h; path = AppDelegate.h; sourceTree = "<group>"; };
		543042221C182572000FACCD /* AppDelegate.m */ = {isa = PBXFileReference; lastKnownFileType = sourcecode.c.objc; path = AppDelegate.m; sourceTree = "<group>"; };
		543042241C182572000FACCD /* ViewController.h */ = {isa = PBXFileReference; lastKnownFileType = sourcecode.c.h; path = ViewController.h; sourceTree = "<group>"; };
		543042251C182572000FACCD /* ViewController.m */ = {isa = PBXFileReference; lastKnownFileType = sourcecode.c.objc; path = ViewController.m; sourceTree = "<group>"; };
		543042281C182572000FACCD /* Base */ = {isa = PBXFileReference; lastKnownFileType = file.storyboard; name = Base; path = Base.lproj/Main.storyboard; sourceTree = "<group>"; };
		5430422A1C182572000FACCD /* Assets.xcassets */ = {isa = PBXFileReference; lastKnownFileType = folder.assetcatalog; path = Assets.xcassets; sourceTree = "<group>"; };
		5430422D1C182572000FACCD /* Base */ = {isa = PBXFileReference; lastKnownFileType = file.storyboard; name = Base; path = Base.lproj/LaunchScreen.storyboard; sourceTree = "<group>"; };
		5430422F1C182572000FACCD /* Info.plist */ = {isa = PBXFileReference; lastKnownFileType = text.plist.xml; path = Info.plist; sourceTree = "<group>"; };
		543042351C182627000FACCD /* Podfile */ = {isa = PBXFileReference; fileEncoding = 4; lastKnownFileType = text; path = Podfile; sourceTree = "<group>"; xcLanguageSpecificationIdentifier = xcode.lang.ruby; };
		543042391C1838DE000FACCD /* ReactView.h */ = {isa = PBXFileReference; fileEncoding = 4; lastKnownFileType = sourcecode.c.h; path = ReactView.h; sourceTree = "<group>"; };
		5430423A1C1838DE000FACCD /* ReactView.m */ = {isa = PBXFileReference; fileEncoding = 4; lastKnownFileType = sourcecode.c.objc; path = ReactView.m; sourceTree = "<group>"; };
		8A71D049D5BB5449CC8D4E53 /* libPods.a */ = {isa = PBXFileReference; explicitFileType = archive.ar; includeInIndex = 0; path = libPods.a; sourceTree = BUILT_PRODUCTS_DIR; };
/* End PBXFileReference section */

/* Begin PBXFrameworksBuildPhase section */
		543042181C182572000FACCD /* Frameworks */ = {
			isa = PBXFrameworksBuildPhase;
			buildActionMask = 2147483647;
			files = (
				B2280A5B20C1ADC93960F022 /* libPods.a in Frameworks */,
			);
			runOnlyForDeploymentPostprocessing = 0;
		};
/* End PBXFrameworksBuildPhase section */

/* Begin PBXGroup section */
		3B0C11DD43A065391B6EE46A /* Pods */ = {
			isa = PBXGroup;
			children = (
				1B0715B7D780EE4819C02A5E /* Pods.debug.xcconfig */,
				0934FA024338C2448AF56CA7 /* Pods.release.xcconfig */,
			);
			name = Pods;
			sourceTree = "<group>";
		};
		543042121C182572000FACCD = {
			isa = PBXGroup;
			children = (
				543042351C182627000FACCD /* Podfile */,
				5430421D1C182572000FACCD /* TestApp */,
				5430421C1C182572000FACCD /* Products */,
				3B0C11DD43A065391B6EE46A /* Pods */,
				FC0DC1ACE04C0A3368160B26 /* Frameworks */,
			);
			sourceTree = "<group>";
		};
		5430421C1C182572000FACCD /* Products */ = {
			isa = PBXGroup;
			children = (
				5430421B1C182572000FACCD /* TestApp.app */,
			);
			name = Products;
			sourceTree = "<group>";
		};
		5430421D1C182572000FACCD /* TestApp */ = {
			isa = PBXGroup;
			children = (
				543042211C182572000FACCD /* AppDelegate.h */,
				543042221C182572000FACCD /* AppDelegate.m */,
				543042241C182572000FACCD /* ViewController.h */,
				543042251C182572000FACCD /* ViewController.m */,
				543042271C182572000FACCD /* Main.storyboard */,
				5430422A1C182572000FACCD /* Assets.xcassets */,
				5430422C1C182572000FACCD /* LaunchScreen.storyboard */,
				5430422F1C182572000FACCD /* Info.plist */,
				5430421E1C182572000FACCD /* Supporting Files */,
				543042391C1838DE000FACCD /* ReactView.h */,
				5430423A1C1838DE000FACCD /* ReactView.m */,
			);
			path = TestApp;
			sourceTree = "<group>";
		};
		5430421E1C182572000FACCD /* Supporting Files */ = {
			isa = PBXGroup;
			children = (
				5430421F1C182572000FACCD /* main.m */,
			);
			name = "Supporting Files";
			sourceTree = "<group>";
		};
		FC0DC1ACE04C0A3368160B26 /* Frameworks */ = {
			isa = PBXGroup;
			children = (
				8A71D049D5BB5449CC8D4E53 /* libPods.a */,
			);
			name = Frameworks;
			sourceTree = "<group>";
		};
/* End PBXGroup section */

/* Begin PBXNativeTarget section */
		5430421A1C182572000FACCD /* TestApp */ = {
			isa = PBXNativeTarget;
			buildConfigurationList = 543042321C182572000FACCD /* Build configuration list for PBXNativeTarget "TestApp" */;
			buildPhases = (
				511FF6A3A7F29BB80671296A /* Check Pods Manifest.lock */,
				543042171C182572000FACCD /* Sources */,
				543042181C182572000FACCD /* Frameworks */,
				543042191C182572000FACCD /* Resources */,
				D9E933E75803155582970ADA /* Embed Pods Frameworks */,
				50C66822C03E5C0D33EB9F4B /* Copy Pods Resources */,
			);
			buildRules = (
			);
			dependencies = (
			);
			name = TestApp;
			productName = TestApp;
			productReference = 5430421B1C182572000FACCD /* TestApp.app */;
			productType = "com.apple.product-type.application";
		};
/* End PBXNativeTarget section */

/* Begin PBXProject section */
		543042131C182572000FACCD /* Project object */ = {
			isa = PBXProject;
			attributes = {
				LastUpgradeCheck = 0720;
				ORGANIZATIONNAME = "Riemschneider Jens";
				TargetAttributes = {
					5430421A1C182572000FACCD = {
						CreatedOnToolsVersion = 7.2;
					};
				};
			};
			buildConfigurationList = 543042161C182572000FACCD /* Build configuration list for PBXProject "TestApp" */;
			compatibilityVersion = "Xcode 3.2";
			developmentRegion = English;
			hasScannedForEncodings = 0;
			knownRegions = (
				en,
				Base,
			);
			mainGroup = 543042121C182572000FACCD;
			productRefGroup = 5430421C1C182572000FACCD /* Products */;
			projectDirPath = "";
			projectRoot = "";
			targets = (
				5430421A1C182572000FACCD /* TestApp */,
			);
		};
/* End PBXProject section */

/* Begin PBXResourcesBuildPhase section */
		543042191C182572000FACCD /* Resources */ = {
			isa = PBXResourcesBuildPhase;
			buildActionMask = 2147483647;
			files = (
				5430422E1C182572000FACCD /* LaunchScreen.storyboard in Resources */,
				5430422B1C182572000FACCD /* Assets.xcassets in Resources */,
				543042361C182627000FACCD /* Podfile in Resources */,
				543042291C182572000FACCD /* Main.storyboard in Resources */,
			);
			runOnlyForDeploymentPostprocessing = 0;
		};
/* End PBXResourcesBuildPhase section */

/* Begin PBXShellScriptBuildPhase section */
		50C66822C03E5C0D33EB9F4B /* Copy Pods Resources */ = {
			isa = PBXShellScriptBuildPhase;
			buildActionMask = 2147483647;
			files = (
			);
			inputPaths = (
			);
			name = "Copy Pods Resources";
			outputPaths = (
			);
			runOnlyForDeploymentPostprocessing = 0;
			shellPath = /bin/sh;
			shellScript = "\"${SRCROOT}/Pods/Target Support Files/Pods/Pods-resources.sh\"\n";
			showEnvVarsInLog = 0;
		};
		511FF6A3A7F29BB80671296A /* Check Pods Manifest.lock */ = {
			isa = PBXShellScriptBuildPhase;
			buildActionMask = 2147483647;
			files = (
			);
			inputPaths = (
			);
			name = "Check Pods Manifest.lock";
			outputPaths = (
			);
			runOnlyForDeploymentPostprocessing = 0;
			shellPath = /bin/sh;
			shellScript = "diff \"${PODS_ROOT}/../Podfile.lock\" \"${PODS_ROOT}/Manifest.lock\" > /dev/null\nif [[ $? != 0 ]] ; then\n    cat << EOM\nerror: The sandbox is not in sync with the Podfile.lock. Run 'pod install' or update your CocoaPods installation.\nEOM\n    exit 1\nfi\n";
			showEnvVarsInLog = 0;
		};
		D9E933E75803155582970ADA /* Embed Pods Frameworks */ = {
			isa = PBXShellScriptBuildPhase;
			buildActionMask = 2147483647;
			files = (
			);
			inputPaths = (
			);
			name = "Embed Pods Frameworks";
			outputPaths = (
			);
			runOnlyForDeploymentPostprocessing = 0;
			shellPath = /bin/sh;
			shellScript = "\"${SRCROOT}/Pods/Target Support Files/Pods/Pods-frameworks.sh\"\n";
			showEnvVarsInLog = 0;
		};
/* End PBXShellScriptBuildPhase section */

/* Begin PBXSourcesBuildPhase section */
		543042171C182572000FACCD /* Sources */ = {
			isa = PBXSourcesBuildPhase;
			buildActionMask = 2147483647;
			files = (
				5430423B1C1838DE000FACCD /* ReactView.m in Sources */,
				543042261C182572000FACCD /* ViewController.m in Sources */,
				543042231C182572000FACCD /* AppDelegate.m in Sources */,
				543042201C182572000FACCD /* main.m in Sources */,
			);
			runOnlyForDeploymentPostprocessing = 0;
		};
/* End PBXSourcesBuildPhase section */

/* Begin PBXVariantGroup section */
		543042271C182572000FACCD /* Main.storyboard */ = {
			isa = PBXVariantGroup;
			children = (
				543042281C182572000FACCD /* Base */,
			);
			name = Main.storyboard;
			sourceTree = "<group>";
		};
		5430422C1C182572000FACCD /* LaunchScreen.storyboard */ = {
			isa = PBXVariantGroup;
			children = (
				5430422D1C182572000FACCD /* Base */,
			);
			name = LaunchScreen.storyboard;
			sourceTree = "<group>";
		};
/* End PBXVariantGroup section */

/* Begin XCBuildConfiguration section */
		543042301C182572000FACCD /* Debug */ = {
			isa = XCBuildConfiguration;
			buildSettings = {
				ALWAYS_SEARCH_USER_PATHS = NO;
				CLANG_CXX_LANGUAGE_STANDARD = "gnu++0x";
				CLANG_CXX_LIBRARY = "libc++";
				CLANG_ENABLE_MODULES = YES;
				CLANG_ENABLE_OBJC_ARC = YES;
				CLANG_WARN_BOOL_CONVERSION = YES;
				CLANG_WARN_CONSTANT_CONVERSION = YES;
				CLANG_WARN_DIRECT_OBJC_ISA_USAGE = YES_ERROR;
				CLANG_WARN_EMPTY_BODY = YES;
				CLANG_WARN_ENUM_CONVERSION = YES;
				CLANG_WARN_INT_CONVERSION = YES;
				CLANG_WARN_OBJC_ROOT_CLASS = YES_ERROR;
				CLANG_WARN_UNREACHABLE_CODE = YES;
				CLANG_WARN__DUPLICATE_METHOD_MATCH = YES;
				"CODE_SIGN_IDENTITY[sdk=iphoneos*]" = "iPhone Developer";
				COPY_PHASE_STRIP = NO;
				DEBUG_INFORMATION_FORMAT = dwarf;
				ENABLE_STRICT_OBJC_MSGSEND = YES;
				ENABLE_TESTABILITY = YES;
				GCC_C_LANGUAGE_STANDARD = gnu99;
				GCC_DYNAMIC_NO_PIC = NO;
				GCC_NO_COMMON_BLOCKS = YES;
				GCC_OPTIMIZATION_LEVEL = 0;
				GCC_PREPROCESSOR_DEFINITIONS = (
					"DEBUG=1",
					"$(inherited)",
				);
				GCC_WARN_64_TO_32_BIT_CONVERSION = YES;
				GCC_WARN_ABOUT_RETURN_TYPE = YES_ERROR;
				GCC_WARN_UNDECLARED_SELECTOR = YES;
				GCC_WARN_UNINITIALIZED_AUTOS = YES_AGGRESSIVE;
				GCC_WARN_UNUSED_FUNCTION = YES;
				GCC_WARN_UNUSED_VARIABLE = YES;
				IPHONEOS_DEPLOYMENT_TARGET = 9.2;
				MTL_ENABLE_DEBUG_INFO = YES;
				ONLY_ACTIVE_ARCH = YES;
				SDKROOT = iphoneos;
				TARGETED_DEVICE_FAMILY = "1,2";
			};
			name = Debug;
		};
		543042311C182572000FACCD /* Release */ = {
			isa = XCBuildConfiguration;
			buildSettings = {
				ALWAYS_SEARCH_USER_PATHS = NO;
				CLANG_CXX_LANGUAGE_STANDARD = "gnu++0x";
				CLANG_CXX_LIBRARY = "libc++";
				CLANG_ENABLE_MODULES = YES;
				CLANG_ENABLE_OBJC_ARC = YES;
				CLANG_WARN_BOOL_CONVERSION = YES;
				CLANG_WARN_CONSTANT_CONVERSION = YES;
				CLANG_WARN_DIRECT_OBJC_ISA_USAGE = YES_ERROR;
				CLANG_WARN_EMPTY_BODY = YES;
				CLANG_WARN_ENUM_CONVERSION = YES;
				CLANG_WARN_INT_CONVERSION = YES;
				CLANG_WARN_OBJC_ROOT_CLASS = YES_ERROR;
				CLANG_WARN_UNREACHABLE_CODE = YES;
				CLANG_WARN__DUPLICATE_METHOD_MATCH = YES;
				"CODE_SIGN_IDENTITY[sdk=iphoneos*]" = "iPhone Developer";
				COPY_PHASE_STRIP = NO;
				DEBUG_INFORMATION_FORMAT = "dwarf-with-dsym";
				ENABLE_NS_ASSERTIONS = NO;
				ENABLE_STRICT_OBJC_MSGSEND = YES;
				GCC_C_LANGUAGE_STANDARD = gnu99;
				GCC_NO_COMMON_BLOCKS = YES;
				GCC_WARN_64_TO_32_BIT_CONVERSION = YES;
				GCC_WARN_ABOUT_RETURN_TYPE = YES_ERROR;
				GCC_WARN_UNDECLARED_SELECTOR = YES;
				GCC_WARN_UNINITIALIZED_AUTOS = YES_AGGRESSIVE;
				GCC_WARN_UNUSED_FUNCTION = YES;
				GCC_WARN_UNUSED_VARIABLE = YES;
				IPHONEOS_DEPLOYMENT_TARGET = 9.2;
				MTL_ENABLE_DEBUG_INFO = NO;
				SDKROOT = iphoneos;
				TARGETED_DEVICE_FAMILY = "1,2";
				VALIDATE_PRODUCT = YES;
			};
			name = Release;
		};
		543042331C182572000FACCD /* Debug */ = {
			isa = XCBuildConfiguration;
			baseConfigurationReference = 1B0715B7D780EE4819C02A5E /* Pods.debug.xcconfig */;
			buildSettings = {
				ASSETCATALOG_COMPILER_APPICON_NAME = AppIcon;
				INFOPLIST_FILE = TestApp/Info.plist;
				LD_RUNPATH_SEARCH_PATHS = "$(inherited) @executable_path/Frameworks";
				PRODUCT_BUNDLE_IDENTIFIER = p7s1.TestApp;
				PRODUCT_NAME = "$(TARGET_NAME)";
			};
			name = Debug;
		};
		543042341C182572000FACCD /* Release */ = {
			isa = XCBuildConfiguration;
			baseConfigurationReference = 0934FA024338C2448AF56CA7 /* Pods.release.xcconfig */;
			buildSettings = {
				ASSETCATALOG_COMPILER_APPICON_NAME = AppIcon;
				INFOPLIST_FILE = TestApp/Info.plist;
				LD_RUNPATH_SEARCH_PATHS = "$(inherited) @executable_path/Frameworks";
				PRODUCT_BUNDLE_IDENTIFIER = p7s1.TestApp;
				PRODUCT_NAME = "$(TARGET_NAME)";
			};
			name = Release;
		};
/* End XCBuildConfiguration section */

/* Begin XCConfigurationList section */
		543042161C182572000FACCD /* Build configuration list for PBXProject "TestApp" */ = {
			isa = XCConfigurationList;
			buildConfigurations = (
				543042301C182572000FACCD /* Debug */,
				543042311C182572000FACCD /* Release */,
			);
			defaultConfigurationIsVisible = 0;
			defaultConfigurationName = Release;
		};
		543042321C182572000FACCD /* Build configuration list for PBXNativeTarget "TestApp" */ = {
			isa = XCConfigurationList;
			buildConfigurations = (
				543042331C182572000FACCD /* Debug */,
				543042341C182572000FACCD /* Release */,
			);
			defaultConfigurationIsVisible = 0;
			defaultConfigurationName = Release;
		};
/* End XCConfigurationList section */
	};
	rootObject = 543042131C182572000FACCD /* Project object */;
}
